PODS:
  - ATInternet-Apple-SDK/Tracker (2.15.4)
  - Batch (1.14.2)
  - Batch-AtInternet-Dispatcher (1.0.0):
    - ATInternet-Apple-SDK/Tracker (>= 2.0)
    - Batch-AtInternet-Dispatcher/Standard (= 1.0.0)
  - Batch-AtInternet-Dispatcher/Standard (1.0.0):
    - ATInternet-Apple-SDK/Tracker (>= 2.0)
    - Batch (~> 1.13)
  - OCMock (3.4.3)

DEPENDENCIES:
  - Batch-AtInternet-Dispatcher (from `../`)
  - OCMock

SPEC REPOS:
  trunk:
    - ATInternet-Apple-SDK
    - Batch
    - OCMock

EXTERNAL SOURCES:
  Batch-AtInternet-Dispatcher:
    :path: "../"

SPEC CHECKSUMS:
  ATInternet-Apple-SDK: 8ca38208151a579fd3ea15e2141c4e537d25a863
  Batch: d75249a43575fbd061c0baa80306fb20a6126a0a
  Batch-AtInternet-Dispatcher: cdc0a1ef1f21a5b5a4c279e49490b09a7743de7e
  OCMock: 43565190abc78977ad44a61c0d20d7f0784d35ab

PODFILE CHECKSUM: 023cf95abafb7ac3397da24e1eaa4251425b857c

COCOAPODS: 1.8.4
