{
  "pins" : [
    {
      "identity" : "batch-ios-sdk",
      "kind" : "remoteSourceControl",
      "location" : "https://github.com/BatchLabs/Batch-iOS-sdk",
      "state" : {
        "revision" : "03d985539457918ecf1e191b69fd6d16538a6975",
        "version" : "1.19.0"
      }
    }
  ],
  "version" : 2
}
